
Microsoft Visual Studio Solution File, Format Version 12.00
# Visual Studio Version 16
VisualStudioVersion = 16.0.30621.155
MinimumVisualStudioVersion = 10.0.40219.1
Project("{9A19103F-16F7-4668-BE54-9A1E7A4F7556}") = "SQL", "SQL\SQL.csproj", "{6E21AE5F-1F21-4259-8B35-06B221F177E4}"
EndProject
Project("{2150E333-8FDC-42A3-9474-1A3956D46DE8}") = "MS SQL", "MS SQL", "{8ECCFAC5-658B-4EF7-BAA2-584ED2E42EE0}"
EndProject
Project("{2150E333-8FDC-42A3-9474-1A3956D46DE8}") = "ApplicantApplication", "ApplicantApplication", "{803468AC-5602-459D-A792-9508434155C4}"
	ProjectSection(SolutionItems) = preProject
		MS SQL\ApplicantApplication\All-DELETE.sql = MS SQL\ApplicantApplication\All-DELETE.sql
		MS SQL\ApplicantApplication\All-INSERT.sql = MS SQL\ApplicantApplication\All-INSERT.sql
		MS SQL\ApplicantApplication\All-SELECT.sql = MS SQL\ApplicantApplication\All-SELECT.sql
		MS SQL\ApplicantApplication\Applicant-CREATE.sql = MS SQL\ApplicantApplication\Applicant-CREATE.sql
		MS SQL\ApplicantApplication\Applicant-INSERT.sql = MS SQL\ApplicantApplication\Applicant-INSERT.sql
		MS SQL\ApplicantApplication\Application-CREATE.sql = MS SQL\ApplicantApplication\Application-CREATE.sql
		MS SQL\ApplicantApplication\Application-INSERT.sql = MS SQL\ApplicantApplication\Application-INSERT.sql
		MS SQL\ApplicantApplication\ApplicationApplicant-CREATE.sql = MS SQL\ApplicantApplication\ApplicationApplicant-CREATE.sql
		MS SQL\ApplicantApplication\ApplicationApplicant-INSERT.sql = MS SQL\ApplicantApplication\ApplicationApplicant-INSERT.sql
		MS SQL\ApplicantApplication\ApplicationApplicant-VIEW.sql = MS SQL\ApplicantApplication\ApplicationApplicant-VIEW.sql
		MS SQL\ApplicantApplication\ApplicationApplicant_EXEC.sql = MS SQL\ApplicantApplication\ApplicationApplicant_EXEC.sql
		MS SQL\ApplicantApplication\ApplicationApplicant_PROC.sql = MS SQL\ApplicantApplication\ApplicationApplicant_PROC.sql
		MS SQL\ApplicantApplication\ApplicationApplicant_View_SELECTsql.sql = MS SQL\ApplicantApplication\ApplicationApplicant_View_SELECTsql.sql
		MS SQL\ApplicantApplication\DataTypes-CREATE.sql = MS SQL\ApplicantApplication\DataTypes-CREATE.sql
		MS SQL\ApplicantApplication\DataTypes-INSERT.sql = MS SQL\ApplicantApplication\DataTypes-INSERT.sql
		MS SQL\ApplicantApplication\No1-VIEW.sql = MS SQL\ApplicantApplication\No1-VIEW.sql
		MS SQL\ApplicantApplication\No2-VIEW.sql = MS SQL\ApplicantApplication\No2-VIEW.sql
		MS SQL\ApplicantApplication\No3-VIEW.sql = MS SQL\ApplicantApplication\No3-VIEW.sql
		MS SQL\ApplicantApplication\No4-VIEW.sql = MS SQL\ApplicantApplication\No4-VIEW.sql
		MS SQL\ApplicantApplication\No5-VIEW.sql = MS SQL\ApplicantApplication\No5-VIEW.sql
		ReadMe.txt = ReadMe.txt
		MS SQL\ApplicantApplication\Test_Answers.sql = MS SQL\ApplicantApplication\Test_Answers.sql
	EndProjectSection
EndProject
Project("{2150E333-8FDC-42A3-9474-1A3956D46DE8}") = "Expoirted Scripts", "Expoirted Scripts", "{C5816FC9-F782-4BEA-A194-3F71C1A1EB12}"
	ProjectSection(SolutionItems) = preProject
		MS SQL\ApplicantApplication\Database.sql = MS SQL\ApplicantApplication\Database.sql
		MS SQL\ApplicantApplication\Exported Scripts\db_Login1.Role.sql = MS SQL\ApplicantApplication\Exported Scripts\db_Login1.Role.sql
		MS SQL\ApplicantApplication\Exported Scripts\dbo.Applicant.Table.sql = MS SQL\ApplicantApplication\Exported Scripts\dbo.Applicant.Table.sql
		MS SQL\ApplicantApplication\Exported Scripts\dbo.Application.Table.sql = MS SQL\ApplicantApplication\Exported Scripts\dbo.Application.Table.sql
		MS SQL\ApplicantApplication\Exported Scripts\dbo.ApplicationApplicant.Table.sql = MS SQL\ApplicantApplication\Exported Scripts\dbo.ApplicationApplicant.Table.sql
		MS SQL\ApplicantApplication\Exported Scripts\dbo.ApplicationApplicant_PROC.StoredProcedure.sql = MS SQL\ApplicantApplication\Exported Scripts\dbo.ApplicationApplicant_PROC.StoredProcedure.sql
		MS SQL\ApplicantApplication\Exported Scripts\dbo.ApplicationApplicantView.View.sql = MS SQL\ApplicantApplication\Exported Scripts\dbo.ApplicationApplicantView.View.sql
		MS SQL\ApplicantApplication\Exported Scripts\dbo.DataTypes.Table.sql = MS SQL\ApplicantApplication\Exported Scripts\dbo.DataTypes.Table.sql
		MS SQL\ApplicantApplication\Exported Scripts\dbo.No1_View.View.sql = MS SQL\ApplicantApplication\Exported Scripts\dbo.No1_View.View.sql
		MS SQL\ApplicantApplication\Exported Scripts\dbo.No2_View.View.sql = MS SQL\ApplicantApplication\Exported Scripts\dbo.No2_View.View.sql
		MS SQL\ApplicantApplication\Exported Scripts\dbo.No3_View.View.sql = MS SQL\ApplicantApplication\Exported Scripts\dbo.No3_View.View.sql
		MS SQL\ApplicantApplication\Exported Scripts\dbo.No4_View.View.sql = MS SQL\ApplicantApplication\Exported Scripts\dbo.No4_View.View.sql
		MS SQL\ApplicantApplication\Exported Scripts\dbo.No5_View.View.sql = MS SQL\ApplicantApplication\Exported Scripts\dbo.No5_View.View.sql
		MS SQL\ApplicantApplication\Exported Scripts\login1.Schema.sql = MS SQL\ApplicantApplication\Exported Scripts\login1.Schema.sql
		MS SQL\ApplicantApplication\Exported Scripts\login1.User.sql = MS SQL\ApplicantApplication\Exported Scripts\login1.User.sql
	EndProjectSection
EndProject
Project("{2150E333-8FDC-42A3-9474-1A3956D46DE8}") = "Backup", "Backup", "{C28C768A-A496-4A9C-870E-5EEEFCD6293F}"
	ProjectSection(SolutionItems) = preProject
		MS SQL\ApplicantApplication\Backup\Backup_LAPTOP2019.sql = MS SQL\ApplicantApplication\Backup\Backup_LAPTOP2019.sql
		MS SQL\ApplicantApplication\Backup\Laptop2019.bak = MS SQL\ApplicantApplication\Backup\Laptop2019.bak
		MS SQL\ApplicantApplication\Backup\Laptop2019.mdf = MS SQL\ApplicantApplication\Backup\Laptop2019.mdf
		MS SQL\ApplicantApplication\Backup\Laptop2019_log.ldf = MS SQL\ApplicantApplication\Backup\Laptop2019_log.ldf
		MS SQL\ApplicantApplication\Backup\Restore_LAPTOP2019.sql = MS SQL\ApplicantApplication\Backup\Restore_LAPTOP2019.sql
	EndProjectSection
EndProject
Global
	GlobalSection(SolutionConfigurationPlatforms) = preSolution
		Debug|Any CPU = Debug|Any CPU
		Release|Any CPU = Release|Any CPU
	EndGlobalSection
	GlobalSection(ProjectConfigurationPlatforms) = postSolution
		{6E21AE5F-1F21-4259-8B35-06B221F177E4}.Debug|Any CPU.ActiveCfg = Debug|Any CPU
		{6E21AE5F-1F21-4259-8B35-06B221F177E4}.Debug|Any CPU.Build.0 = Debug|Any CPU
		{6E21AE5F-1F21-4259-8B35-06B221F177E4}.Release|Any CPU.ActiveCfg = Release|Any CPU
		{6E21AE5F-1F21-4259-8B35-06B221F177E4}.Release|Any CPU.Build.0 = Release|Any CPU
	EndGlobalSection
	GlobalSection(SolutionProperties) = preSolution
		HideSolutionNode = FALSE
	EndGlobalSection
	GlobalSection(NestedProjects) = preSolution
		{803468AC-5602-459D-A792-9508434155C4} = {8ECCFAC5-658B-4EF7-BAA2-584ED2E42EE0}
		{C5816FC9-F782-4BEA-A194-3F71C1A1EB12} = {803468AC-5602-459D-A792-9508434155C4}
		{C28C768A-A496-4A9C-870E-5EEEFCD6293F} = {803468AC-5602-459D-A792-9508434155C4}
	EndGlobalSection
	GlobalSection(ExtensibilityGlobals) = postSolution
		SolutionGuid = {8BAB1337-86BF-4BBD-BBDA-9CA166E40AEC}
	EndGlobalSection
EndGlobal
